
Microsoft Visual Studio Solution File, Format Version 12.00
# Visual Studio Version 16
VisualStudioVersion = 16.0.32802.440
MinimumVisualStudioVersion = 10.0.40219.1
Project("{FAE04EC0-301F-11D3-BF4B-00C04F79EFBC}") = "ContactManager", "ContactManager\ContactManager.csproj", "{69627269-F3D1-4B13-8E0A-C3EC2F1669A6}"
EndProject
Global
	GlobalSection(SolutionConfigurationPlatforms) = preSolution
		Debug|Any CPU = Debug|Any CPU
		Release|Any CPU = Release|Any CPU
	EndGlobalSection
	GlobalSection(ProjectConfigurationPlatforms) = postSolution
		{69627269-F3D1-4B13-8E0A-C3EC2F1669A6}.Debug|Any CPU.ActiveCfg = Debug|Any CPU
		{69627269-F3D1-4B13-8E0A-C3EC2F1669A6}.Debug|Any CPU.Build.0 = Debug|Any CPU
		{69627269-F3D1-4B13-8E0A-C3EC2F1669A6}.Release|Any CPU.ActiveCfg = Release|Any CPU
		{69627269-F3D1-4B13-8E0A-C3EC2F1669A6}.Release|Any CPU.Build.0 = Release|Any CPU
	EndGlobalSection
	GlobalSection(SolutionProperties) = preSolution
		HideSolutionNode = FALSE
	EndGlobalSection
	GlobalSection(ExtensibilityGlobals) = postSolution
		SolutionGuid = {CA03C717-2CF1-4F75-A1AA-64A14AFF6204}
	EndGlobalSection
EndGlobal
